
Microsoft Visual Studio Solution File, Format Version 12.00
# Visual Studio Version 17
VisualStudioVersion = 17.9.34728.123
MinimumVisualStudioVersion = 10.0.40219.1
Project("{FAE04EC0-301F-11D3-BF4B-00C04F79EFBC}") = "4task", "4task.csproj", "{27961EC9-DCCE-49B1-BE50-2AA993462EE9}"
EndProject
Global
	GlobalSection(SolutionConfigurationPlatforms) = preSolution
		Debug|Any CPU = Debug|Any CPU
		Release|Any CPU = Release|Any CPU
	EndGlobalSection
	GlobalSection(ProjectConfigurationPlatforms) = postSolution
		{27961EC9-DCCE-49B1-BE50-2AA993462EE9}.Debug|Any CPU.ActiveCfg = Debug|Any CPU
		{27961EC9-DCCE-49B1-BE50-2AA993462EE9}.Debug|Any CPU.Build.0 = Debug|Any CPU
		{27961EC9-DCCE-49B1-BE50-2AA993462EE9}.Release|Any CPU.ActiveCfg = Release|Any CPU
		{27961EC9-DCCE-49B1-BE50-2AA993462EE9}.Release|Any CPU.Build.0 = Release|Any CPU
	EndGlobalSection
	GlobalSection(SolutionProperties) = preSolution
		HideSolutionNode = FALSE
	EndGlobalSection
	GlobalSection(ExtensibilityGlobals) = postSolution
		SolutionGuid = {3A6E1DB6-090B-49BA-92F1-5D08CE8A421B}
	EndGlobalSection
EndGlobal
