
Microsoft Visual Studio Solution File, Format Version 12.00
# Visual Studio Version 17
VisualStudioVersion = 17.9.34728.123
MinimumVisualStudioVersion = 10.0.40219.1
Project("{FAE04EC0-301F-11D3-BF4B-00C04F79EFBC}") = "3task", "3task.csproj", "{971DBC68-8CFB-4CD5-A92A-C512421A3C9D}"
EndProject
Global
	GlobalSection(SolutionConfigurationPlatforms) = preSolution
		Debug|Any CPU = Debug|Any CPU
		Release|Any CPU = Release|Any CPU
	EndGlobalSection
	GlobalSection(ProjectConfigurationPlatforms) = postSolution
		{971DBC68-8CFB-4CD5-A92A-C512421A3C9D}.Debug|Any CPU.ActiveCfg = Debug|Any CPU
		{971DBC68-8CFB-4CD5-A92A-C512421A3C9D}.Debug|Any CPU.Build.0 = Debug|Any CPU
		{971DBC68-8CFB-4CD5-A92A-C512421A3C9D}.Release|Any CPU.ActiveCfg = Release|Any CPU
		{971DBC68-8CFB-4CD5-A92A-C512421A3C9D}.Release|Any CPU.Build.0 = Release|Any CPU
	EndGlobalSection
	GlobalSection(SolutionProperties) = preSolution
		HideSolutionNode = FALSE
	EndGlobalSection
	GlobalSection(ExtensibilityGlobals) = postSolution
		SolutionGuid = {601DB37A-E54A-41B6-AC32-2505C25C3AE8}
	EndGlobalSection
EndGlobal
